
Microsoft Visual Studio Solution File, Format Version 12.00
# Visual Studio 15
VisualStudioVersion = 15.0.28307.438
MinimumVisualStudioVersion = 10.0.40219.1
Project("{FAE04EC0-301F-11D3-BF4B-00C04F79EFBC}") = "IdentityServerSample", "IdentityServerSample\IdentityServerSample.csproj", "{28A9C5A4-97E5-4899-9AD6-F6D92C8E56A4}"
EndProject
Project("{FAE04EC0-301F-11D3-BF4B-00C04F79EFBC}") = "ClientCredentialApi", "ClientCredentialApi\ClientCredentialApi.csproj", "{8CBFD728-4149-4634-AAFD-EBDD5FA72F30}"
EndProject
Project("{FAE04EC0-301F-11D3-BF4B-00C04F79EFBC}") = "ThirdPartyDemo", "ThirdPartyDemo\ThirdPartyDemo.csproj", "{BE7F9FB9-43CA-4E8A-8D5F-0A4F96C82C91}"
EndProject
Global
	GlobalSection(SolutionConfigurationPlatforms) = preSolution
		Debug|Any CPU = Debug|Any CPU
		Release|Any CPU = Release|Any CPU
	EndGlobalSection
	GlobalSection(ProjectConfigurationPlatforms) = postSolution
		{28A9C5A4-97E5-4899-9AD6-F6D92C8E56A4}.Debug|Any CPU.ActiveCfg = Debug|Any CPU
		{28A9C5A4-97E5-4899-9AD6-F6D92C8E56A4}.Debug|Any CPU.Build.0 = Debug|Any CPU
		{28A9C5A4-97E5-4899-9AD6-F6D92C8E56A4}.Release|Any CPU.ActiveCfg = Release|Any CPU
		{28A9C5A4-97E5-4899-9AD6-F6D92C8E56A4}.Release|Any CPU.Build.0 = Release|Any CPU
		{8CBFD728-4149-4634-AAFD-EBDD5FA72F30}.Debug|Any CPU.ActiveCfg = Debug|Any CPU
		{8CBFD728-4149-4634-AAFD-EBDD5FA72F30}.Debug|Any CPU.Build.0 = Debug|Any CPU
		{8CBFD728-4149-4634-AAFD-EBDD5FA72F30}.Release|Any CPU.ActiveCfg = Release|Any CPU
		{8CBFD728-4149-4634-AAFD-EBDD5FA72F30}.Release|Any CPU.Build.0 = Release|Any CPU
		{BE7F9FB9-43CA-4E8A-8D5F-0A4F96C82C91}.Debug|Any CPU.ActiveCfg = Debug|Any CPU
		{BE7F9FB9-43CA-4E8A-8D5F-0A4F96C82C91}.Debug|Any CPU.Build.0 = Debug|Any CPU
		{BE7F9FB9-43CA-4E8A-8D5F-0A4F96C82C91}.Release|Any CPU.ActiveCfg = Release|Any CPU
		{BE7F9FB9-43CA-4E8A-8D5F-0A4F96C82C91}.Release|Any CPU.Build.0 = Release|Any CPU
	EndGlobalSection
	GlobalSection(SolutionProperties) = preSolution
		HideSolutionNode = FALSE
	EndGlobalSection
	GlobalSection(ExtensibilityGlobals) = postSolution
		SolutionGuid = {DC5652FB-3101-4D65-BFCE-6F4E237C89A1}
	EndGlobalSection
EndGlobal
